
Microsoft Visual Studio Solution File, Format Version 12.00
# Visual Studio 15
VisualStudioVersion = 15.0.28307.1169
MinimumVisualStudioVersion = 10.0.40219.1
Project("{FAE04EC0-301F-11D3-BF4B-00C04F79EFBC}") = "Parcial2Prog3", "Parcial2Prog3\Parcial2Prog3.csproj", "{2EEF85E8-CE20-49F9-BA52-C5B67D6155A9}"
EndProject
Global
	GlobalSection(SolutionConfigurationPlatforms) = preSolution
		Debug|Any CPU = Debug|Any CPU
		Release|Any CPU = Release|Any CPU
	EndGlobalSection
	GlobalSection(ProjectConfigurationPlatforms) = postSolution
		{2EEF85E8-CE20-49F9-BA52-C5B67D6155A9}.Debug|Any CPU.ActiveCfg = Debug|Any CPU
		{2EEF85E8-CE20-49F9-BA52-C5B67D6155A9}.Debug|Any CPU.Build.0 = Debug|Any CPU
		{2EEF85E8-CE20-49F9-BA52-C5B67D6155A9}.Release|Any CPU.ActiveCfg = Release|Any CPU
		{2EEF85E8-CE20-49F9-BA52-C5B67D6155A9}.Release|Any CPU.Build.0 = Release|Any CPU
	EndGlobalSection
	GlobalSection(SolutionProperties) = preSolution
		HideSolutionNode = FALSE
	EndGlobalSection
	GlobalSection(ExtensibilityGlobals) = postSolution
		SolutionGuid = {4ED087A7-8FA2-4197-9F29-14D91D12B8AB}
	EndGlobalSection
EndGlobal
